
Microsoft Visual Studio Solution File, Format Version 12.00
# Visual Studio Version 17
VisualStudioVersion = 17.5.33627.172
MinimumVisualStudioVersion = 10.0.40219.1
Project("{9A19103F-16F7-4668-BE54-9A1E7A4F7556}") = "APINoticias", "APINoticias\APINoticias.csproj", "{2C9D3B6D-6DD8-4CA1-8C73-293E25BA7416}"
EndProject
Project("{FAE04EC0-301F-11D3-BF4B-00C04F79EFBC}") = "NoticiaMAUI", "NoticiaMAUI\NoticiaMAUI.csproj", "{C9711001-4E53-44B5-A4EA-3B49A5CD672F}"
EndProject
Global
	GlobalSection(SolutionConfigurationPlatforms) = preSolution
		Debug|Any CPU = Debug|Any CPU
		Release|Any CPU = Release|Any CPU
	EndGlobalSection
	GlobalSection(ProjectConfigurationPlatforms) = postSolution
		{2C9D3B6D-6DD8-4CA1-8C73-293E25BA7416}.Debug|Any CPU.ActiveCfg = Debug|Any CPU
		{2C9D3B6D-6DD8-4CA1-8C73-293E25BA7416}.Debug|Any CPU.Build.0 = Debug|Any CPU
		{2C9D3B6D-6DD8-4CA1-8C73-293E25BA7416}.Release|Any CPU.ActiveCfg = Release|Any CPU
		{2C9D3B6D-6DD8-4CA1-8C73-293E25BA7416}.Release|Any CPU.Build.0 = Release|Any CPU
		{C9711001-4E53-44B5-A4EA-3B49A5CD672F}.Debug|Any CPU.ActiveCfg = Debug|Any CPU
		{C9711001-4E53-44B5-A4EA-3B49A5CD672F}.Debug|Any CPU.Build.0 = Debug|Any CPU
		{C9711001-4E53-44B5-A4EA-3B49A5CD672F}.Debug|Any CPU.Deploy.0 = Debug|Any CPU
		{C9711001-4E53-44B5-A4EA-3B49A5CD672F}.Release|Any CPU.ActiveCfg = Release|Any CPU
		{C9711001-4E53-44B5-A4EA-3B49A5CD672F}.Release|Any CPU.Build.0 = Release|Any CPU
		{C9711001-4E53-44B5-A4EA-3B49A5CD672F}.Release|Any CPU.Deploy.0 = Release|Any CPU
	EndGlobalSection
	GlobalSection(SolutionProperties) = preSolution
		HideSolutionNode = FALSE
	EndGlobalSection
	GlobalSection(ExtensibilityGlobals) = postSolution
		SolutionGuid = {CCEBA680-D920-4102-8424-4A69F9A99E1D}
	EndGlobalSection
EndGlobal
